// !$*UTF8*$!
{
	archiveVersion = 1;
	classes = {
	};
	objectVersion = 56;
	objects = {

/* Begin PBXBuildFile section */
		0BBBF77028ED8531003EEE17 /* AppDelegate.swift in Sources */ = {isa = PBXBuildFile; fileRef = 0BBBF76F28ED8531003EEE17 /* AppDelegate.swift */; };
		0BBBF77228ED8531003EEE17 /* SceneDelegate.swift in Sources */ = {isa = PBXBuildFile; fileRef = 0BBBF77128ED8531003EEE17 /* SceneDelegate.swift */; };
		0BBBF77928ED8532003EEE17 /* Assets.xcassets in Resources */ = {isa = PBXBuildFile; fileRef = 0BBBF77828ED8532003EEE17 /* Assets.xcassets */; };
		0BBBF77C28ED8532003EEE17 /* LaunchScreen.storyboard in Resources */ = {isa = PBXBuildFile; fileRef = 0BBBF77A28ED8532003EEE17 /* LaunchScreen.storyboard */; };
		0BBBF79128ED8532003EEE17 /* MovieDBUITests.swift in Sources */ = {isa = PBXBuildFile; fileRef = 0BBBF79028ED8532003EEE17 /* MovieDBUITests.swift */; };
		0BBBF79328ED8532003EEE17 /* MovieDBUITestsLaunchTests.swift in Sources */ = {isa = PBXBuildFile; fileRef = 0BBBF79228ED8532003EEE17 /* MovieDBUITestsLaunchTests.swift */; };
		0BBBF7AC28ED867E003EEE17 /* HomeViewController.swift in Sources */ = {isa = PBXBuildFile; fileRef = 0BBBF7AB28ED867E003EEE17 /* HomeViewController.swift */; };
		0BBBF7B128ED86F0003EEE17 /* MovieListView.swift in Sources */ = {isa = PBXBuildFile; fileRef = 0BBBF7AD28ED86F0003EEE17 /* MovieListView.swift */; };
		0BBBF7B328ED86F0003EEE17 /* ListCollectionViewCell.swift in Sources */ = {isa = PBXBuildFile; fileRef = 0BBBF7B028ED86F0003EEE17 /* ListCollectionViewCell.swift */; };
		0BBBF7BB28ED871F003EEE17 /* Common.swift in Sources */ = {isa = PBXBuildFile; fileRef = 0BBBF7B628ED871F003EEE17 /* Common.swift */; };
		0BBBF7BC28ED871F003EEE17 /* ColorCompatibility.swift in Sources */ = {isa = PBXBuildFile; fileRef = 0BBBF7B728ED871F003EEE17 /* ColorCompatibility.swift */; };
		0BBBF7BD28ED871F003EEE17 /* AnchoredConstraints.swift in Sources */ = {isa = PBXBuildFile; fileRef = 0BBBF7B828ED871F003EEE17 /* AnchoredConstraints.swift */; };
		0BBBF7BE28ED871F003EEE17 /* UIView+Layout.swift in Sources */ = {isa = PBXBuildFile; fileRef = 0BBBF7B928ED871F003EEE17 /* UIView+Layout.swift */; };
		0BBBF7C128ED8868003EEE17 /* UIViewController+Extensions.swift in Sources */ = {isa = PBXBuildFile; fileRef = 0BBBF7C028ED8868003EEE17 /* UIViewController+Extensions.swift */; };
		0BBBF7C728ED895A003EEE17 /* HomeFactory.swift in Sources */ = {isa = PBXBuildFile; fileRef = 0BBBF7C628ED895A003EEE17 /* HomeFactory.swift */; };
		0BBBF7C928ED898C003EEE17 /* AppConfiguration.swift in Sources */ = {isa = PBXBuildFile; fileRef = 0BBBF7C828ED898C003EEE17 /* AppConfiguration.swift */; };
		0BBBF7CB28ED8A60003EEE17 /* HomeViewControllerTests.swift in Sources */ = {isa = PBXBuildFile; fileRef = 0BBBF7CA28ED8A60003EEE17 /* HomeViewControllerTests.swift */; };
		0BBBF7D028ED94B5003EEE17 /* HomeInterfaces.swift in Sources */ = {isa = PBXBuildFile; fileRef = 0BBBF7CF28ED94B5003EEE17 /* HomeInterfaces.swift */; };
		0BBBF7D228ED95F5003EEE17 /* MovieListViewModel.swift in Sources */ = {isa = PBXBuildFile; fileRef = 0BBBF7D128ED95F5003EEE17 /* MovieListViewModel.swift */; };
		0BBBF7D428ED98D8003EEE17 /* MovieListViewTest.swift in Sources */ = {isa = PBXBuildFile; fileRef = 0BBBF7D328ED98D8003EEE17 /* MovieListViewTest.swift */; };
		0BBBF7E128EDCCCA003EEE17 /* URLSession+NetworkLoader.swift in Sources */ = {isa = PBXBuildFile; fileRef = 0BBBF7D828EDCCC9003EEE17 /* URLSession+NetworkLoader.swift */; };
		0BBBF7E228EDCCCA003EEE17 /* NetworkService.swift in Sources */ = {isa = PBXBuildFile; fileRef = 0BBBF7D928EDCCC9003EEE17 /* NetworkService.swift */; };
		0BBBF7E328EDCCCA003EEE17 /* DecoderHelper.swift in Sources */ = {isa = PBXBuildFile; fileRef = 0BBBF7DB28EDCCC9003EEE17 /* DecoderHelper.swift */; };
		0BBBF7E428EDCCCA003EEE17 /* EncoderHelper.swift in Sources */ = {isa = PBXBuildFile; fileRef = 0BBBF7DD28EDCCC9003EEE17 /* EncoderHelper.swift */; };
		0BBBF7E528EDCCCA003EEE17 /* NetworkError.swift in Sources */ = {isa = PBXBuildFile; fileRef = 0BBBF7DE28EDCCC9003EEE17 /* NetworkError.swift */; };
		0BBBF7E628EDCCCA003EEE17 /* NetworkLoader.swift in Sources */ = {isa = PBXBuildFile; fileRef = 0BBBF7DF28EDCCC9003EEE17 /* NetworkLoader.swift */; };
		0BBBF7E728EDCCCA003EEE17 /* EndPoint.swift in Sources */ = {isa = PBXBuildFile; fileRef = 0BBBF7E028EDCCC9003EEE17 /* EndPoint.swift */; };
		0BBBF7EA28EDCDDD003EEE17 /* MovieEndPoints.swift in Sources */ = {isa = PBXBuildFile; fileRef = 0BBBF7E928EDCDDD003EEE17 /* MovieEndPoints.swift */; };
		0BBBF7EC28EDCECA003EEE17 /* MovieListRequest.swift in Sources */ = {isa = PBXBuildFile; fileRef = 0BBBF7EB28EDCECA003EEE17 /* MovieListRequest.swift */; };
		0BBBF7EE28EDCEF1003EEE17 /* MovieListResponse.swift in Sources */ = {isa = PBXBuildFile; fileRef = 0BBBF7ED28EDCEF1003EEE17 /* MovieListResponse.swift */; };
		0BBBF7F328EDCF1D003EEE17 /* MovieListUseCaseInterface.swift in Sources */ = {isa = PBXBuildFile; fileRef = 0BBBF7F228EDCF1D003EEE17 /* MovieListUseCaseInterface.swift */; };
		0BBBF7F828EDCF96003EEE17 /* MovieListWorkerInterface.swift in Sources */ = {isa = PBXBuildFile; fileRef = 0BBBF7F728EDCF96003EEE17 /* MovieListWorkerInterface.swift */; };
		0BBBF7FD28EDD3BF003EEE17 /* MovieListUseCase.swift in Sources */ = {isa = PBXBuildFile; fileRef = 0BBBF7FC28EDD3BF003EEE17 /* MovieListUseCase.swift */; };
		0BBBF80028EEB12C003EEE17 /* DispatchHelpers.swift in Sources */ = {isa = PBXBuildFile; fileRef = 0BBBF7FF28EEB12C003EEE17 /* DispatchHelpers.swift */; };
		0BBBF80528EEB6F2003EEE17 /* MovieListType.swift in Sources */ = {isa = PBXBuildFile; fileRef = 0BBBF80428EEB6F2003EEE17 /* MovieListType.swift */; };
		0BBBF80828EEC538003EEE17 /* AlertControllerFactory.swift in Sources */ = {isa = PBXBuildFile; fileRef = 0BBBF80728EEC538003EEE17 /* AlertControllerFactory.swift */; };
		0BBBF80A28EEC725003EEE17 /* ListViewProtocol.swift in Sources */ = {isa = PBXBuildFile; fileRef = 0BBBF80928EEC725003EEE17 /* ListViewProtocol.swift */; };
		0BBBF81028EEC9D5003EEE17 /* TestHelpers.swift in Sources */ = {isa = PBXBuildFile; fileRef = 0BBBF80F28EEC9D5003EEE17 /* TestHelpers.swift */; };
		0BBBF81328EF2AC8003EEE17 /* SDWebImage in Frameworks */ = {isa = PBXBuildFile; productRef = 0BBBF81228EF2AC8003EEE17 /* SDWebImage */; };
		0BBBF81528EF2ADE003EEE17 /* UIImageView+Extensions.swift in Sources */ = {isa = PBXBuildFile; fileRef = 0BBBF81428EF2ADE003EEE17 /* UIImageView+Extensions.swift */; };
		0BBBF81828EFC410003EEE17 /* SDWebImage in Frameworks */ = {isa = PBXBuildFile; productRef = 0BBBF81728EFC410003EEE17 /* SDWebImage */; };
		0BBBF81B28EFE648003EEE17 /* EmptyView.swift in Sources */ = {isa = PBXBuildFile; fileRef = 0BBBF81A28EFE648003EEE17 /* EmptyView.swift */; };
		0BBBF81F28EFFC58003EEE17 /* ActivityIndicator.swift in Sources */ = {isa = PBXBuildFile; fileRef = 0BBBF81E28EFFC58003EEE17 /* ActivityIndicator.swift */; };
		0BBBF82928EFFE71003EEE17 /* MovieDetailsViewController.swift in Sources */ = {isa = PBXBuildFile; fileRef = 0BBBF82828EFFE71003EEE17 /* MovieDetailsViewController.swift */; };
		0BBBF82F28EFFE9D003EEE17 /* CaseListView.swift in Sources */ = {isa = PBXBuildFile; fileRef = 0BBBF82A28EFFE9D003EEE17 /* CaseListView.swift */; };
		0BBBF83128EFFE9D003EEE17 /* CastCollectionViewCell.swift in Sources */ = {isa = PBXBuildFile; fileRef = 0BBBF82D28EFFE9D003EEE17 /* CastCollectionViewCell.swift */; };
		0BBBF83428F000C8003EEE17 /* MovieDetailsFactory.swift in Sources */ = {isa = PBXBuildFile; fileRef = 0BBBF83328F000C8003EEE17 /* MovieDetailsFactory.swift */; };
		0BBBF83628F0023D003EEE17 /* MovieDetailsViewModel.swift in Sources */ = {isa = PBXBuildFile; fileRef = 0BBBF83528F0023D003EEE17 /* MovieDetailsViewModel.swift */; };
		0BBBF83928F00265003EEE17 /* DetailsViewModelInterface.swift in Sources */ = {isa = PBXBuildFile; fileRef = 0BBBF83828F00265003EEE17 /* DetailsViewModelInterface.swift */; };
		0BBBF83C28F03E55003EEE17 /* TabBarViewController.swift in Sources */ = {isa = PBXBuildFile; fileRef = 0BBBF83B28F03E55003EEE17 /* TabBarViewController.swift */; };
		0BBBF84128F03F36003EEE17 /* FavouritesViewController.swift in Sources */ = {isa = PBXBuildFile; fileRef = 0BBBF84028F03F36003EEE17 /* FavouritesViewController.swift */; };
		0BBBF84428F03F79003EEE17 /* FavouriteFactory.swift in Sources */ = {isa = PBXBuildFile; fileRef = 0BBBF84328F03F79003EEE17 /* FavouriteFactory.swift */; };
		0BBBF84A28F06CDA003EEE17 /* Person.swift in Sources */ = {isa = PBXBuildFile; fileRef = 0BBBF84628F06CDA003EEE17 /* Person.swift */; };
		0BBBF84B28F06CDA003EEE17 /* MovieDetails.swift in Sources */ = {isa = PBXBuildFile; fileRef = 0BBBF84728F06CDA003EEE17 /* MovieDetails.swift */; };
		0BBBF84C28F06CDA003EEE17 /* MovieDetailsRequest.swift in Sources */ = {isa = PBXBuildFile; fileRef = 0BBBF84828F06CDA003EEE17 /* MovieDetailsRequest.swift */; };
		0BBBF84D28F06CDA003EEE17 /* Credit.swift in Sources */ = {isa = PBXBuildFile; fileRef = 0BBBF84928F06CDA003EEE17 /* Credit.swift */; };
		0BBBF85028F06D20003EEE17 /* MovieDetailsUseCase.swift in Sources */ = {isa = PBXBuildFile; fileRef = 0BBBF84F28F06D20003EEE17 /* MovieDetailsUseCase.swift */; };
		0BBBF85628F06D66003EEE17 /* MovieWorker.swift in Sources */ = {isa = PBXBuildFile; fileRef = 0BBBF85528F06D66003EEE17 /* MovieWorker.swift */; };
		0BBBF85A28F06E02003EEE17 /* MovieDetailsUseCaseInterfaces.swift in Sources */ = {isa = PBXBuildFile; fileRef = 0BBBF85928F06E02003EEE17 /* MovieDetailsUseCaseInterfaces.swift */; };
		0BBBF85C28F07AD8003EEE17 /* CGFloat+Extensions.swift in Sources */ = {isa = PBXBuildFile; fileRef = 0BBBF85B28F07AD8003EEE17 /* CGFloat+Extensions.swift */; };
/* End PBXBuildFile section */

/* Begin PBXContainerItemProxy section */
		0BBBF78328ED8532003EEE17 /* PBXContainerItemProxy */ = {
			isa = PBXContainerItemProxy;
			containerPortal = 0BBBF76428ED8531003EEE17 /* Project object */;
			proxyType = 1;
			remoteGlobalIDString = 0BBBF76B28ED8531003EEE17;
			remoteInfo = MovieDB;
		};
		0BBBF78D28ED8532003EEE17 /* PBXContainerItemProxy */ = {
			isa = PBXContainerItemProxy;
			containerPortal = 0BBBF76428ED8531003EEE17 /* Project object */;
			proxyType = 1;
			remoteGlobalIDString = 0BBBF76B28ED8531003EEE17;
			remoteInfo = MovieDB;
		};
/* End PBXContainerItemProxy section */

/* Begin PBXFileReference section */
		0BBBF76C28ED8531003EEE17 /* MovieDB.app */ = {isa = PBXFileReference; explicitFileType = wrapper.application; includeInIndex = 0; path = MovieDB.app; sourceTree = BUILT_PRODUCTS_DIR; };
		0BBBF76F28ED8531003EEE17 /* AppDelegate.swift */ = {isa = PBXFileReference; lastKnownFileType = sourcecode.swift; path = AppDelegate.swift; sourceTree = "<group>"; };
		0BBBF77128ED8531003EEE17 /* SceneDelegate.swift */ = {isa = PBXFileReference; lastKnownFileType = sourcecode.swift; path = SceneDelegate.swift; sourceTree = "<group>"; };
		0BBBF77828ED8532003EEE17 /* Assets.xcassets */ = {isa = PBXFileReference; lastKnownFileType = folder.assetcatalog; path = Assets.xcassets; sourceTree = "<group>"; };
		0BBBF77B28ED8532003EEE17 /* Base */ = {isa = PBXFileReference; lastKnownFileType = file.storyboard; name = Base; path = Base.lproj/LaunchScreen.storyboard; sourceTree = "<group>"; };
		0BBBF77D28ED8532003EEE17 /* Info.plist */ = {isa = PBXFileReference; lastKnownFileType = text.plist.xml; path = Info.plist; sourceTree = "<group>"; };
		0BBBF78228ED8532003EEE17 /* MovieDBTests.xctest */ = {isa = PBXFileReference; explicitFileType = wrapper.cfbundle; includeInIndex = 0; path = MovieDBTests.xctest; sourceTree = BUILT_PRODUCTS_DIR; };
		0BBBF78C28ED8532003EEE17 /* MovieDBUITests.xctest */ = {isa = PBXFileReference; explicitFileType = wrapper.cfbundle; includeInIndex = 0; path = MovieDBUITests.xctest; sourceTree = BUILT_PRODUCTS_DIR; };
		0BBBF79028ED8532003EEE17 /* MovieDBUITests.swift */ = {isa = PBXFileReference; lastKnownFileType = sourcecode.swift; path = MovieDBUITests.swift; sourceTree = "<group>"; };
		0BBBF79228ED8532003EEE17 /* MovieDBUITestsLaunchTests.swift */ = {isa = PBXFileReference; lastKnownFileType = sourcecode.swift; path = MovieDBUITestsLaunchTests.swift; sourceTree = "<group>"; };
		0BBBF7AB28ED867E003EEE17 /* HomeViewController.swift */ = {isa = PBXFileReference; lastKnownFileType = sourcecode.swift; path = HomeViewController.swift; sourceTree = "<group>"; };
		0BBBF7AD28ED86F0003EEE17 /* MovieListView.swift */ = {isa = PBXFileReference; fileEncoding = 4; lastKnownFileType = sourcecode.swift; path = MovieListView.swift; sourceTree = "<group>"; };
		0BBBF7B028ED86F0003EEE17 /* ListCollectionViewCell.swift */ = {isa = PBXFileReference; fileEncoding = 4; lastKnownFileType = sourcecode.swift; path = ListCollectionViewCell.swift; sourceTree = "<group>"; };
		0BBBF7B628ED871F003EEE17 /* Common.swift */ = {isa = PBXFileReference; fileEncoding = 4; lastKnownFileType = sourcecode.swift; path = Common.swift; sourceTree = "<group>"; };
		0BBBF7B728ED871F003EEE17 /* ColorCompatibility.swift */ = {isa = PBXFileReference; fileEncoding = 4; lastKnownFileType = sourcecode.swift; path = ColorCompatibility.swift; sourceTree = "<group>"; };
		0BBBF7B828ED871F003EEE17 /* AnchoredConstraints.swift */ = {isa = PBXFileReference; fileEncoding = 4; lastKnownFileType = sourcecode.swift; path = AnchoredConstraints.swift; sourceTree = "<group>"; };
		0BBBF7B928ED871F003EEE17 /* UIView+Layout.swift */ = {isa = PBXFileReference; fileEncoding = 4; lastKnownFileType = sourcecode.swift; path = "UIView+Layout.swift"; sourceTree = "<group>"; };
		0BBBF7C028ED8868003EEE17 /* UIViewController+Extensions.swift */ = {isa = PBXFileReference; lastKnownFileType = sourcecode.swift; path = "UIViewController+Extensions.swift"; sourceTree = "<group>"; };
		0BBBF7C628ED895A003EEE17 /* HomeFactory.swift */ = {isa = PBXFileReference; lastKnownFileType = sourcecode.swift; path = HomeFactory.swift; sourceTree = "<group>"; };
		0BBBF7C828ED898C003EEE17 /* AppConfiguration.swift */ = {isa = PBXFileReference; lastKnownFileType = sourcecode.swift; path = AppConfiguration.swift; sourceTree = "<group>"; };
		0BBBF7CA28ED8A60003EEE17 /* HomeViewControllerTests.swift */ = {isa = PBXFileReference; lastKnownFileType = sourcecode.swift; path = HomeViewControllerTests.swift; sourceTree = "<group>"; };
		0BBBF7CF28ED94B5003EEE17 /* HomeInterfaces.swift */ = {isa = PBXFileReference; lastKnownFileType = sourcecode.swift; path = HomeInterfaces.swift; sourceTree = "<group>"; };
		0BBBF7D128ED95F5003EEE17 /* MovieListViewModel.swift */ = {isa = PBXFileReference; lastKnownFileType = sourcecode.swift; path = MovieListViewModel.swift; sourceTree = "<group>"; };
		0BBBF7D328ED98D8003EEE17 /* MovieListViewTest.swift */ = {isa = PBXFileReference; lastKnownFileType = sourcecode.swift; path = MovieListViewTest.swift; sourceTree = "<group>"; };
		0BBBF7D828EDCCC9003EEE17 /* URLSession+NetworkLoader.swift */ = {isa = PBXFileReference; fileEncoding = 4; lastKnownFileType = sourcecode.swift; path = "URLSession+NetworkLoader.swift"; sourceTree = "<group>"; };
		0BBBF7D928EDCCC9003EEE17 /* NetworkService.swift */ = {isa = PBXFileReference; fileEncoding = 4; lastKnownFileType = sourcecode.swift; path = NetworkService.swift; sourceTree = "<group>"; };
		0BBBF7DB28EDCCC9003EEE17 /* DecoderHelper.swift */ = {isa = PBXFileReference; fileEncoding = 4; lastKnownFileType = sourcecode.swift; path = DecoderHelper.swift; sourceTree = "<group>"; };
		0BBBF7DD28EDCCC9003EEE17 /* EncoderHelper.swift */ = {isa = PBXFileReference; fileEncoding = 4; lastKnownFileType = sourcecode.swift; path = EncoderHelper.swift; sourceTree = "<group>"; };
		0BBBF7DE28EDCCC9003EEE17 /* NetworkError.swift */ = {isa = PBXFileReference; fileEncoding = 4; lastKnownFileType = sourcecode.swift; path = NetworkError.swift; sourceTree = "<group>"; };
		0BBBF7DF28EDCCC9003EEE17 /* NetworkLoader.swift */ = {isa = PBXFileReference; fileEncoding = 4; lastKnownFileType = sourcecode.swift; path = NetworkLoader.swift; sourceTree = "<group>"; };
		0BBBF7E028EDCCC9003EEE17 /* EndPoint.swift */ = {isa = PBXFileReference; fileEncoding = 4; lastKnownFileType = sourcecode.swift; path = EndPoint.swift; sourceTree = "<group>"; };
		0BBBF7E928EDCDDD003EEE17 /* MovieEndPoints.swift */ = {isa = PBXFileReference; lastKnownFileType = sourcecode.swift; path = MovieEndPoints.swift; sourceTree = "<group>"; };
		0BBBF7EB28EDCECA003EEE17 /* MovieListRequest.swift */ = {isa = PBXFileReference; lastKnownFileType = sourcecode.swift; path = MovieListRequest.swift; sourceTree = "<group>"; };
		0BBBF7ED28EDCEF1003EEE17 /* MovieListResponse.swift */ = {isa = PBXFileReference; lastKnownFileType = sourcecode.swift; path = MovieListResponse.swift; sourceTree = "<group>"; };
		0BBBF7F228EDCF1D003EEE17 /* MovieListUseCaseInterface.swift */ = {isa = PBXFileReference; lastKnownFileType = sourcecode.swift; path = MovieListUseCaseInterface.swift; sourceTree = "<group>"; };
		0BBBF7F728EDCF96003EEE17 /* MovieListWorkerInterface.swift */ = {isa = PBXFileReference; lastKnownFileType = sourcecode.swift; path = MovieListWorkerInterface.swift; sourceTree = "<group>"; };
		0BBBF7FC28EDD3BF003EEE17 /* MovieListUseCase.swift */ = {isa = PBXFileReference; lastKnownFileType = sourcecode.swift; path = MovieListUseCase.swift; sourceTree = "<group>"; };
		0BBBF7FF28EEB12C003EEE17 /* DispatchHelpers.swift */ = {isa = PBXFileReference; lastKnownFileType = sourcecode.swift; path = DispatchHelpers.swift; sourceTree = "<group>"; };
		0BBBF80428EEB6F2003EEE17 /* MovieListType.swift */ = {isa = PBXFileReference; lastKnownFileType = sourcecode.swift; path = MovieListType.swift; sourceTree = "<group>"; };
		0BBBF80728EEC538003EEE17 /* AlertControllerFactory.swift */ = {isa = PBXFileReference; lastKnownFileType = sourcecode.swift; path = AlertControllerFactory.swift; sourceTree = "<group>"; };
		0BBBF80928EEC725003EEE17 /* ListViewProtocol.swift */ = {isa = PBXFileReference; lastKnownFileType = sourcecode.swift; path = ListViewProtocol.swift; sourceTree = "<group>"; };
		0BBBF80C28EEC9AD003EEE17 /* ViewControllerPresentationSpy.xcframework */ = {isa = PBXFileReference; lastKnownFileType = wrapper.xcframework; name = ViewControllerPresentationSpy.xcframework; path = "../../../UnitTestingHelperLibary/ViewControllerPresentationSpy-6.1.0/ViewControllerPresentationSpy.xcframework"; sourceTree = "<group>"; };
		0BBBF80F28EEC9D5003EEE17 /* TestHelpers.swift */ = {isa = PBXFileReference; lastKnownFileType = sourcecode.swift; path = TestHelpers.swift; sourceTree = "<group>"; };
		0BBBF81428EF2ADE003EEE17 /* UIImageView+Extensions.swift */ = {isa = PBXFileReference; lastKnownFileType = sourcecode.swift; path = "UIImageView+Extensions.swift"; sourceTree = "<group>"; };
		0BBBF81A28EFE648003EEE17 /* EmptyView.swift */ = {isa = PBXFileReference; lastKnownFileType = sourcecode.swift; path = EmptyView.swift; sourceTree = "<group>"; };
		0BBBF81E28EFFC58003EEE17 /* ActivityIndicator.swift */ = {isa = PBXFileReference; lastKnownFileType = sourcecode.swift; path = ActivityIndicator.swift; sourceTree = "<group>"; };
		0BBBF82828EFFE71003EEE17 /* MovieDetailsViewController.swift */ = {isa = PBXFileReference; fileEncoding = 4; lastKnownFileType = sourcecode.swift; path = MovieDetailsViewController.swift; sourceTree = "<group>"; };
		0BBBF82A28EFFE9D003EEE17 /* CaseListView.swift */ = {isa = PBXFileReference; fileEncoding = 4; lastKnownFileType = sourcecode.swift; path = CaseListView.swift; sourceTree = "<group>"; };
		0BBBF82D28EFFE9D003EEE17 /* CastCollectionViewCell.swift */ = {isa = PBXFileReference; fileEncoding = 4; lastKnownFileType = sourcecode.swift; path = CastCollectionViewCell.swift; sourceTree = "<group>"; };
		0BBBF83328F000C8003EEE17 /* MovieDetailsFactory.swift */ = {isa = PBXFileReference; lastKnownFileType = sourcecode.swift; path = MovieDetailsFactory.swift; sourceTree = "<group>"; };
		0BBBF83528F0023D003EEE17 /* MovieDetailsViewModel.swift */ = {isa = PBXFileReference; lastKnownFileType = sourcecode.swift; path = MovieDetailsViewModel.swift; sourceTree = "<group>"; };
		0BBBF83828F00265003EEE17 /* DetailsViewModelInterface.swift */ = {isa = PBXFileReference; lastKnownFileType = sourcecode.swift; path = DetailsViewModelInterface.swift; sourceTree = "<group>"; };
		0BBBF83B28F03E55003EEE17 /* TabBarViewController.swift */ = {isa = PBXFileReference; lastKnownFileType = sourcecode.swift; path = TabBarViewController.swift; sourceTree = "<group>"; };
		0BBBF84028F03F36003EEE17 /* FavouritesViewController.swift */ = {isa = PBXFileReference; lastKnownFileType = sourcecode.swift; path = FavouritesViewController.swift; sourceTree = "<group>"; };
		0BBBF84328F03F79003EEE17 /* FavouriteFactory.swift */ = {isa = PBXFileReference; lastKnownFileType = sourcecode.swift; path = FavouriteFactory.swift; sourceTree = "<group>"; };
		0BBBF84628F06CDA003EEE17 /* Person.swift */ = {isa = PBXFileReference; fileEncoding = 4; lastKnownFileType = sourcecode.swift; path = Person.swift; sourceTree = "<group>"; };
		0BBBF84728F06CDA003EEE17 /* MovieDetails.swift */ = {isa = PBXFileReference; fileEncoding = 4; lastKnownFileType = sourcecode.swift; path = MovieDetails.swift; sourceTree = "<group>"; };
		0BBBF84828F06CDA003EEE17 /* MovieDetailsRequest.swift */ = {isa = PBXFileReference; fileEncoding = 4; lastKnownFileType = sourcecode.swift; path = MovieDetailsRequest.swift; sourceTree = "<group>"; };
		0BBBF84928F06CDA003EEE17 /* Credit.swift */ = {isa = PBXFileReference; fileEncoding = 4; lastKnownFileType = sourcecode.swift; path = Credit.swift; sourceTree = "<group>"; };
		0BBBF84F28F06D20003EEE17 /* MovieDetailsUseCase.swift */ = {isa = PBXFileReference; lastKnownFileType = sourcecode.swift; path = MovieDetailsUseCase.swift; sourceTree = "<group>"; };
		0BBBF85528F06D66003EEE17 /* MovieWorker.swift */ = {isa = PBXFileReference; lastKnownFileType = sourcecode.swift; path = MovieWorker.swift; sourceTree = "<group>"; };
		0BBBF85928F06E02003EEE17 /* MovieDetailsUseCaseInterfaces.swift */ = {isa = PBXFileReference; lastKnownFileType = sourcecode.swift; path = MovieDetailsUseCaseInterfaces.swift; sourceTree = "<group>"; };
		0BBBF85B28F07AD8003EEE17 /* CGFloat+Extensions.swift */ = {isa = PBXFileReference; lastKnownFileType = sourcecode.swift; path = "CGFloat+Extensions.swift"; sourceTree = "<group>"; };
/* End PBXFileReference section */

/* Begin PBXFrameworksBuildPhase section */
		0BBBF76928ED8531003EEE17 /* Frameworks */ = {
			isa = PBXFrameworksBuildPhase;
			buildActionMask = 2147483647;
			files = (
				0BBBF81328EF2AC8003EEE17 /* SDWebImage in Frameworks */,
			);
			runOnlyForDeploymentPostprocessing = 0;
		};
		0BBBF77F28ED8532003EEE17 /* Frameworks */ = {
			isa = PBXFrameworksBuildPhase;
			buildActionMask = 2147483647;
			files = (
				0BBBF81828EFC410003EEE17 /* SDWebImage in Frameworks */,
			);
			runOnlyForDeploymentPostprocessing = 0;
		};
		0BBBF78928ED8532003EEE17 /* Frameworks */ = {
			isa = PBXFrameworksBuildPhase;
			buildActionMask = 2147483647;
			files = (
			);
			runOnlyForDeploymentPostprocessing = 0;
		};
/* End PBXFrameworksBuildPhase section */

/* Begin PBXGroup section */
		0BBBF76328ED8531003EEE17 = {
			isa = PBXGroup;
			children = (
				0BBBF76E28ED8531003EEE17 /* MovieDB */,
				0BBBF78528ED8532003EEE17 /* MovieDBTests */,
				0BBBF78F28ED8532003EEE17 /* MovieDBUITests */,
				0BBBF76D28ED8531003EEE17 /* Products */,
				0BBBF80B28EEC9AD003EEE17 /* Frameworks */,
			);
			sourceTree = "<group>";
		};
		0BBBF76D28ED8531003EEE17 /* Products */ = {
			isa = PBXGroup;
			children = (
				0BBBF76C28ED8531003EEE17 /* MovieDB.app */,
				0BBBF78228ED8532003EEE17 /* MovieDBTests.xctest */,
				0BBBF78C28ED8532003EEE17 /* MovieDBUITests.xctest */,
			);
			name = Products;
			sourceTree = "<group>";
		};
		0BBBF76E28ED8531003EEE17 /* MovieDB */ = {
			isa = PBXGroup;
			children = (
				0BBBF85428F06D58003EEE17 /* Common */,
				0BBBF79F28ED85CF003EEE17 /* Applications */,
				0BBBF7A028ED85DA003EEE17 /* Utilities */,
				0BBBF7A128ED85E9003EEE17 /* Resources */,
				0BBBF7A228ED85FA003EEE17 /* Modules */,
			);
			path = MovieDB;
			sourceTree = "<group>";
		};
		0BBBF78528ED8532003EEE17 /* MovieDBTests */ = {
			isa = PBXGroup;
			children = (
				0BBBF80E28EEC9CC003EEE17 /* TestHelpers */,
				0BBBF7CA28ED8A60003EEE17 /* HomeViewControllerTests.swift */,
				0BBBF7D328ED98D8003EEE17 /* MovieListViewTest.swift */,
			);
			path = MovieDBTests;
			sourceTree = "<group>";
		};
		0BBBF78F28ED8532003EEE17 /* MovieDBUITests */ = {
			isa = PBXGroup;
			children = (
				0BBBF79028ED8532003EEE17 /* MovieDBUITests.swift */,
				0BBBF79228ED8532003EEE17 /* MovieDBUITestsLaunchTests.swift */,
			);
			path = MovieDBUITests;
			sourceTree = "<group>";
		};
		0BBBF79F28ED85CF003EEE17 /* Applications */ = {
			isa = PBXGroup;
			children = (
				0BBBF76F28ED8531003EEE17 /* AppDelegate.swift */,
				0BBBF77128ED8531003EEE17 /* SceneDelegate.swift */,
				0BBBF7C828ED898C003EEE17 /* AppConfiguration.swift */,
			);
			path = Applications;
			sourceTree = "<group>";
		};
		0BBBF7A028ED85DA003EEE17 /* Utilities */ = {
			isa = PBXGroup;
			children = (
				0BBBF81928EFE637003EEE17 /* CustomViews */,
				0BBBF80628EEC52C003EEE17 /* Factory */,
				0BBBF7FE28EEB0DB003EEE17 /* DispatchHelpers */,
				0BBBF7E828EDCDD2003EEE17 /* EndPoints */,
				0BBBF7D728EDCCC9003EEE17 /* NetworkHelper */,
				0BBBF7BF28ED8856003EEE17 /* Extensions */,
				0BBBF7B428ED871F003EEE17 /* LayoutHelper */,
			);
			path = Utilities;
			sourceTree = "<group>";
		};
		0BBBF7A128ED85E9003EEE17 /* Resources */ = {
			isa = PBXGroup;
			children = (
				0BBBF77828ED8532003EEE17 /* Assets.xcassets */,
				0BBBF77A28ED8532003EEE17 /* LaunchScreen.storyboard */,
				0BBBF77D28ED8532003EEE17 /* Info.plist */,
			);
			path = Resources;
			sourceTree = "<group>";
		};
		0BBBF7A228ED85FA003EEE17 /* Modules */ = {
			isa = PBXGroup;
			children = (
				0BBBF83A28F03DF0003EEE17 /* TabBar */,
				0BBBF83D28F03F12003EEE17 /* Favourites */,
				0BBBF82028EFFE0C003EEE17 /* MovieDetails */,
				0BBBF7A428ED8639003EEE17 /* Search */,
				0BBBF7A328ED8625003EEE17 /* Home */,
			);
			path = Modules;
			sourceTree = "<group>";
		};
		0BBBF7A328ED8625003EEE17 /* Home */ = {
			isa = PBXGroup;
			children = (
				0BBBF7A628ED864D003EEE17 /* Domain */,
				0BBBF7A728ED8654003EEE17 /* Presentations */,
			);
			path = Home;
			sourceTree = "<group>";
		};
		0BBBF7A428ED8639003EEE17 /* Search */ = {
			isa = PBXGroup;
			children = (
			);
			path = Search;
			sourceTree = "<group>";
		};
		0BBBF7A628ED864D003EEE17 /* Domain */ = {
			isa = PBXGroup;
			children = (
				0BBBF7F128EDCF10003EEE17 /* Interface */,
				0BBBF7D628EDCC8D003EEE17 /* UseCases */,
				0BBBF7D528EDCC88003EEE17 /* Entities */,
			);
			path = Domain;
			sourceTree = "<group>";
		};
		0BBBF7A728ED8654003EEE17 /* Presentations */ = {
			isa = PBXGroup;
			children = (
				0BBBF7CE28ED94A5003EEE17 /* Interface */,
				0BBBF7C528ED894B003EEE17 /* Factory */,
				0BBBF7AA28ED866F003EEE17 /* ViewModels */,
				0BBBF7A928ED8669003EEE17 /* Views */,
				0BBBF7A828ED8663003EEE17 /* Controllers */,
			);
			path = Presentations;
			sourceTree = "<group>";
		};
		0BBBF7A828ED8663003EEE17 /* Controllers */ = {
			isa = PBXGroup;
			children = (
				0BBBF7AB28ED867E003EEE17 /* HomeViewController.swift */,
			);
			path = Controllers;
			sourceTree = "<group>";
		};
		0BBBF7A928ED8669003EEE17 /* Views */ = {
			isa = PBXGroup;
			children = (
				0BBBF7AE28ED86F0003EEE17 /* Cells */,
				0BBBF7AD28ED86F0003EEE17 /* MovieListView.swift */,
			);
			path = Views;
			sourceTree = "<group>";
		};
		0BBBF7AA28ED866F003EEE17 /* ViewModels */ = {
			isa = PBXGroup;
			children = (
				0BBBF7D128ED95F5003EEE17 /* MovieListViewModel.swift */,
			);
			path = ViewModels;
			sourceTree = "<group>";
		};
		0BBBF7AE28ED86F0003EEE17 /* Cells */ = {
			isa = PBXGroup;
			children = (
				0BBBF7B028ED86F0003EEE17 /* ListCollectionViewCell.swift */,
			);
			path = Cells;
			sourceTree = "<group>";
		};
		0BBBF7B428ED871F003EEE17 /* LayoutHelper */ = {
			isa = PBXGroup;
			children = (
				0BBBF7B628ED871F003EEE17 /* Common.swift */,
				0BBBF7B728ED871F003EEE17 /* ColorCompatibility.swift */,
				0BBBF7B828ED871F003EEE17 /* AnchoredConstraints.swift */,
				0BBBF7B928ED871F003EEE17 /* UIView+Layout.swift */,
			);
			path = LayoutHelper;
			sourceTree = "<group>";
		};
		0BBBF7BF28ED8856003EEE17 /* Extensions */ = {
			isa = PBXGroup;
			children = (
				0BBBF7C028ED8868003EEE17 /* UIViewController+Extensions.swift */,
				0BBBF81428EF2ADE003EEE17 /* UIImageView+Extensions.swift */,
				0BBBF85B28F07AD8003EEE17 /* CGFloat+Extensions.swift */,
			);
			path = Extensions;
			sourceTree = "<group>";
		};
		0BBBF7C528ED894B003EEE17 /* Factory */ = {
			isa = PBXGroup;
			children = (
				0BBBF7C628ED895A003EEE17 /* HomeFactory.swift */,
			);
			path = Factory;
			sourceTree = "<group>";
		};
		0BBBF7CE28ED94A5003EEE17 /* Interface */ = {
			isa = PBXGroup;
			children = (
				0BBBF7CF28ED94B5003EEE17 /* HomeInterfaces.swift */,
				0BBBF80928EEC725003EEE17 /* ListViewProtocol.swift */,
			);
			path = Interface;
			sourceTree = "<group>";
		};
		0BBBF7D528EDCC88003EEE17 /* Entities */ = {
			isa = PBXGroup;
			children = (
				0BBBF7EB28EDCECA003EEE17 /* MovieListRequest.swift */,
				0BBBF7ED28EDCEF1003EEE17 /* MovieListResponse.swift */,
			);
			path = Entities;
			sourceTree = "<group>";
		};
		0BBBF7D628EDCC8D003EEE17 /* UseCases */ = {
			isa = PBXGroup;
			children = (
				0BBBF7FC28EDD3BF003EEE17 /* MovieListUseCase.swift */,
			);
			path = UseCases;
			sourceTree = "<group>";
		};
		0BBBF7D728EDCCC9003EEE17 /* NetworkHelper */ = {
			isa = PBXGroup;
			children = (
				0BBBF7D828EDCCC9003EEE17 /* URLSession+NetworkLoader.swift */,
				0BBBF7D928EDCCC9003EEE17 /* NetworkService.swift */,
				0BBBF7DA28EDCCC9003EEE17 /* DecoderHelper */,
				0BBBF7DC28EDCCC9003EEE17 /* EncoderHelper */,
				0BBBF7DE28EDCCC9003EEE17 /* NetworkError.swift */,
				0BBBF7DF28EDCCC9003EEE17 /* NetworkLoader.swift */,
				0BBBF7E028EDCCC9003EEE17 /* EndPoint.swift */,
			);
			path = NetworkHelper;
			sourceTree = "<group>";
		};
		0BBBF7DA28EDCCC9003EEE17 /* DecoderHelper */ = {
			isa = PBXGroup;
			children = (
				0BBBF7DB28EDCCC9003EEE17 /* DecoderHelper.swift */,
			);
			path = DecoderHelper;
			sourceTree = "<group>";
		};
		0BBBF7DC28EDCCC9003EEE17 /* EncoderHelper */ = {
			isa = PBXGroup;
			children = (
				0BBBF7DD28EDCCC9003EEE17 /* EncoderHelper.swift */,
			);
			path = EncoderHelper;
			sourceTree = "<group>";
		};
		0BBBF7E828EDCDD2003EEE17 /* EndPoints */ = {
			isa = PBXGroup;
			children = (
				0BBBF7E928EDCDDD003EEE17 /* MovieEndPoints.swift */,
				0BBBF80428EEB6F2003EEE17 /* MovieListType.swift */,
			);
			path = EndPoints;
			sourceTree = "<group>";
		};
		0BBBF7F128EDCF10003EEE17 /* Interface */ = {
			isa = PBXGroup;
			children = (
				0BBBF7F228EDCF1D003EEE17 /* MovieListUseCaseInterface.swift */,
			);
			path = Interface;
			sourceTree = "<group>";
		};
		0BBBF7F628EDCF86003EEE17 /* Interface */ = {
			isa = PBXGroup;
			children = (
				0BBBF7F728EDCF96003EEE17 /* MovieListWorkerInterface.swift */,
			);
			path = Interface;
			sourceTree = "<group>";
		};
		0BBBF7FE28EEB0DB003EEE17 /* DispatchHelpers */ = {
			isa = PBXGroup;
			children = (
				0BBBF7FF28EEB12C003EEE17 /* DispatchHelpers.swift */,
			);
			path = DispatchHelpers;
			sourceTree = "<group>";
		};
		0BBBF80628EEC52C003EEE17 /* Factory */ = {
			isa = PBXGroup;
			children = (
				0BBBF80728EEC538003EEE17 /* AlertControllerFactory.swift */,
			);
			path = Factory;
			sourceTree = "<group>";
		};
		0BBBF80B28EEC9AD003EEE17 /* Frameworks */ = {
			isa = PBXGroup;
			children = (
				0BBBF80C28EEC9AD003EEE17 /* ViewControllerPresentationSpy.xcframework */,
			);
			name = Frameworks;
			sourceTree = "<group>";
		};
		0BBBF80E28EEC9CC003EEE17 /* TestHelpers */ = {
			isa = PBXGroup;
			children = (
				0BBBF80F28EEC9D5003EEE17 /* TestHelpers.swift */,
			);
			path = TestHelpers;
			sourceTree = "<group>";
		};
		0BBBF81928EFE637003EEE17 /* CustomViews */ = {
			isa = PBXGroup;
			children = (
				0BBBF81A28EFE648003EEE17 /* EmptyView.swift */,
				0BBBF81E28EFFC58003EEE17 /* ActivityIndicator.swift */,
			);
			path = CustomViews;
			sourceTree = "<group>";
		};
		0BBBF82028EFFE0C003EEE17 /* MovieDetails */ = {
			isa = PBXGroup;
			children = (
				0BBBF82228EFFE17003EEE17 /* Domain */,
				0BBBF82128EFFE13003EEE17 /* Presentations */,
			);
			path = MovieDetails;
			sourceTree = "<group>";
		};
		0BBBF82128EFFE13003EEE17 /* Presentations */ = {
			isa = PBXGroup;
			children = (
				0BBBF83728F00256003EEE17 /* Interface */,
				0BBBF82728EFFE38003EEE17 /* Factory */,
				0BBBF82628EFFE31003EEE17 /* ViewModels */,
				0BBBF82528EFFE2E003EEE17 /* Views */,
				0BBBF82428EFFE29003EEE17 /* Controllers */,
			);
			path = Presentations;
			sourceTree = "<group>";
		};
		0BBBF82228EFFE17003EEE17 /* Domain */ = {
			isa = PBXGroup;
			children = (
				0BBBF85828F06DF4003EEE17 /* Interfaces */,
				0BBBF84E28F06D0B003EEE17 /* UseCases */,
				0BBBF84528F06CC5003EEE17 /* Entities */,
			);
			path = Domain;
			sourceTree = "<group>";
		};
		0BBBF82428EFFE29003EEE17 /* Controllers */ = {
			isa = PBXGroup;
			children = (
				0BBBF82828EFFE71003EEE17 /* MovieDetailsViewController.swift */,
			);
			path = Controllers;
			sourceTree = "<group>";
		};
		0BBBF82528EFFE2E003EEE17 /* Views */ = {
			isa = PBXGroup;
			children = (
				0BBBF82A28EFFE9D003EEE17 /* CaseListView.swift */,
				0BBBF82C28EFFE9D003EEE17 /* Cells */,
			);
			path = Views;
			sourceTree = "<group>";
		};
		0BBBF82628EFFE31003EEE17 /* ViewModels */ = {
			isa = PBXGroup;
			children = (
				0BBBF83528F0023D003EEE17 /* MovieDetailsViewModel.swift */,
			);
			path = ViewModels;
			sourceTree = "<group>";
		};
		0BBBF82728EFFE38003EEE17 /* Factory */ = {
			isa = PBXGroup;
			children = (
				0BBBF83328F000C8003EEE17 /* MovieDetailsFactory.swift */,
			);
			path = Factory;
			sourceTree = "<group>";
		};
		0BBBF82C28EFFE9D003EEE17 /* Cells */ = {
			isa = PBXGroup;
			children = (
				0BBBF82D28EFFE9D003EEE17 /* CastCollectionViewCell.swift */,
			);
			path = Cells;
			sourceTree = "<group>";
		};
		0BBBF83728F00256003EEE17 /* Interface */ = {
			isa = PBXGroup;
			children = (
				0BBBF83828F00265003EEE17 /* DetailsViewModelInterface.swift */,
			);
			path = Interface;
			sourceTree = "<group>";
		};
		0BBBF83A28F03DF0003EEE17 /* TabBar */ = {
			isa = PBXGroup;
			children = (
				0BBBF83B28F03E55003EEE17 /* TabBarViewController.swift */,
			);
			path = TabBar;
			sourceTree = "<group>";
		};
		0BBBF83D28F03F12003EEE17 /* Favourites */ = {
			isa = PBXGroup;
			children = (
				0BBBF83E28F03F1E003EEE17 /* Presentations */,
			);
			path = Favourites;
			sourceTree = "<group>";
		};
		0BBBF83E28F03F1E003EEE17 /* Presentations */ = {
			isa = PBXGroup;
			children = (
				0BBBF84228F03F69003EEE17 /* Factory */,
				0BBBF83F28F03F21003EEE17 /* Controller */,
			);
			path = Presentations;
			sourceTree = "<group>";
		};
		0BBBF83F28F03F21003EEE17 /* Controller */ = {
			isa = PBXGroup;
			children = (
				0BBBF84028F03F36003EEE17 /* FavouritesViewController.swift */,
			);
			path = Controller;
			sourceTree = "<group>";
		};
		0BBBF84228F03F69003EEE17 /* Factory */ = {
			isa = PBXGroup;
			children = (
				0BBBF84328F03F79003EEE17 /* FavouriteFactory.swift */,
			);
			path = Factory;
			sourceTree = "<group>";
		};
		0BBBF84528F06CC5003EEE17 /* Entities */ = {
			isa = PBXGroup;
			children = (
				0BBBF84928F06CDA003EEE17 /* Credit.swift */,
				0BBBF84728F06CDA003EEE17 /* MovieDetails.swift */,
				0BBBF84828F06CDA003EEE17 /* MovieDetailsRequest.swift */,
				0BBBF84628F06CDA003EEE17 /* Person.swift */,
			);
			path = Entities;
			sourceTree = "<group>";
		};
		0BBBF84E28F06D0B003EEE17 /* UseCases */ = {
			isa = PBXGroup;
			children = (
				0BBBF84F28F06D20003EEE17 /* MovieDetailsUseCase.swift */,
			);
			path = UseCases;
			sourceTree = "<group>";
		};
		0BBBF85428F06D58003EEE17 /* Common */ = {
			isa = PBXGroup;
			children = (
				0BBBF85728F06D92003EEE17 /* DefaultWorkers */,
			);
			path = Common;
			sourceTree = "<group>";
		};
		0BBBF85728F06D92003EEE17 /* DefaultWorkers */ = {
			isa = PBXGroup;
			children = (
				0BBBF7F628EDCF86003EEE17 /* Interface */,
				0BBBF85528F06D66003EEE17 /* MovieWorker.swift */,
			);
			path = DefaultWorkers;
			sourceTree = "<group>";
		};
		0BBBF85828F06DF4003EEE17 /* Interfaces */ = {
			isa = PBXGroup;
			children = (
				0BBBF85928F06E02003EEE17 /* MovieDetailsUseCaseInterfaces.swift */,
			);
			path = Interfaces;
			sourceTree = "<group>";
		};
/* End PBXGroup section */

/* Begin PBXNativeTarget section */
		0BBBF76B28ED8531003EEE17 /* MovieDB */ = {
			isa = PBXNativeTarget;
			buildConfigurationList = 0BBBF79628ED8532003EEE17 /* Build configuration list for PBXNativeTarget "MovieDB" */;
			buildPhases = (
				0BBBF76828ED8531003EEE17 /* Sources */,
				0BBBF76928ED8531003EEE17 /* Frameworks */,
				0BBBF76A28ED8531003EEE17 /* Resources */,
			);
			buildRules = (
			);
			dependencies = (
			);
			name = MovieDB;
			packageProductDependencies = (
				0BBBF81228EF2AC8003EEE17 /* SDWebImage */,
			);
			productName = MovieDB;
			productReference = 0BBBF76C28ED8531003EEE17 /* MovieDB.app */;
			productType = "com.apple.product-type.application";
		};
		0BBBF78128ED8532003EEE17 /* MovieDBTests */ = {
			isa = PBXNativeTarget;
			buildConfigurationList = 0BBBF79928ED8532003EEE17 /* Build configuration list for PBXNativeTarget "MovieDBTests" */;
			buildPhases = (
				0BBBF77E28ED8532003EEE17 /* Sources */,
				0BBBF77F28ED8532003EEE17 /* Frameworks */,
				0BBBF78028ED8532003EEE17 /* Resources */,
			);
			buildRules = (
			);
			dependencies = (
				0BBBF78428ED8532003EEE17 /* PBXTargetDependency */,
			);
			name = MovieDBTests;
			packageProductDependencies = (
				0BBBF81728EFC410003EEE17 /* SDWebImage */,
			);
			productName = MovieDBTests;
			productReference = 0BBBF78228ED8532003EEE17 /* MovieDBTests.xctest */;
			productType = "com.apple.product-type.bundle.unit-test";
		};
		0BBBF78B28ED8532003EEE17 /* MovieDBUITests */ = {
			isa = PBXNativeTarget;
			buildConfigurationList = 0BBBF79C28ED8532003EEE17 /* Build configuration list for PBXNativeTarget "MovieDBUITests" */;
			buildPhases = (
				0BBBF78828ED8532003EEE17 /* Sources */,
				0BBBF78928ED8532003EEE17 /* Frameworks */,
				0BBBF78A28ED8532003EEE17 /* Resources */,
			);
			buildRules = (
			);
			dependencies = (
				0BBBF78E28ED8532003EEE17 /* PBXTargetDependency */,
			);
			name = MovieDBUITests;
			productName = MovieDBUITests;
			productReference = 0BBBF78C28ED8532003EEE17 /* MovieDBUITests.xctest */;
			productType = "com.apple.product-type.bundle.ui-testing";
		};
/* End PBXNativeTarget section */

/* Begin PBXProject section */
		0BBBF76428ED8531003EEE17 /* Project object */ = {
			isa = PBXProject;
			attributes = {
				BuildIndependentTargetsInParallel = 1;
				LastSwiftUpdateCheck = 1400;
				LastUpgradeCheck = 1400;
				TargetAttributes = {
					0BBBF76B28ED8531003EEE17 = {
						CreatedOnToolsVersion = 14.0.1;
					};
					0BBBF78128ED8532003EEE17 = {
						CreatedOnToolsVersion = 14.0.1;
						LastSwiftMigration = 1400;
						TestTargetID = 0BBBF76B28ED8531003EEE17;
					};
					0BBBF78B28ED8532003EEE17 = {
						CreatedOnToolsVersion = 14.0.1;
						TestTargetID = 0BBBF76B28ED8531003EEE17;
					};
				};
			};
			buildConfigurationList = 0BBBF76728ED8531003EEE17 /* Build configuration list for PBXProject "MovieDB" */;
			compatibilityVersion = "Xcode 14.0";
			developmentRegion = en;
			hasScannedForEncodings = 0;
			knownRegions = (
				en,
				Base,
			);
			mainGroup = 0BBBF76328ED8531003EEE17;
			packageReferences = (
				0BBBF81128EF2AC8003EEE17 /* XCRemoteSwiftPackageReference "SDWebImage" */,
			);
			productRefGroup = 0BBBF76D28ED8531003EEE17 /* Products */;
			projectDirPath = "";
			projectRoot = "";
			targets = (
				0BBBF76B28ED8531003EEE17 /* MovieDB */,
				0BBBF78128ED8532003EEE17 /* MovieDBTests */,
				0BBBF78B28ED8532003EEE17 /* MovieDBUITests */,
			);
		};
/* End PBXProject section */

/* Begin PBXResourcesBuildPhase section */
		0BBBF76A28ED8531003EEE17 /* Resources */ = {
			isa = PBXResourcesBuildPhase;
			buildActionMask = 2147483647;
			files = (
				0BBBF77C28ED8532003EEE17 /* LaunchScreen.storyboard in Resources */,
				0BBBF77928ED8532003EEE17 /* Assets.xcassets in Resources */,
			);
			runOnlyForDeploymentPostprocessing = 0;
		};
		0BBBF78028ED8532003EEE17 /* Resources */ = {
			isa = PBXResourcesBuildPhase;
			buildActionMask = 2147483647;
			files = (
			);
			runOnlyForDeploymentPostprocessing = 0;
		};
		0BBBF78A28ED8532003EEE17 /* Resources */ = {
			isa = PBXResourcesBuildPhase;
			buildActionMask = 2147483647;
			files = (
			);
			runOnlyForDeploymentPostprocessing = 0;
		};
/* End PBXResourcesBuildPhase section */

/* Begin PBXSourcesBuildPhase section */
		0BBBF76828ED8531003EEE17 /* Sources */ = {
			isa = PBXSourcesBuildPhase;
			buildActionMask = 2147483647;
			files = (
				0BBBF7BB28ED871F003EEE17 /* Common.swift in Sources */,
				0BBBF7E128EDCCCA003EEE17 /* URLSession+NetworkLoader.swift in Sources */,
				0BBBF7D028ED94B5003EEE17 /* HomeInterfaces.swift in Sources */,
				0BBBF7EE28EDCEF1003EEE17 /* MovieListResponse.swift in Sources */,
				0BBBF83C28F03E55003EEE17 /* TabBarViewController.swift in Sources */,
				0BBBF85628F06D66003EEE17 /* MovieWorker.swift in Sources */,
				0BBBF81528EF2ADE003EEE17 /* UIImageView+Extensions.swift in Sources */,
				0BBBF7B328ED86F0003EEE17 /* ListCollectionViewCell.swift in Sources */,
				0BBBF7E228EDCCCA003EEE17 /* NetworkService.swift in Sources */,
				0BBBF7BD28ED871F003EEE17 /* AnchoredConstraints.swift in Sources */,
				0BBBF7F328EDCF1D003EEE17 /* MovieListUseCaseInterface.swift in Sources */,
				0BBBF7FD28EDD3BF003EEE17 /* MovieListUseCase.swift in Sources */,
				0BBBF84B28F06CDA003EEE17 /* MovieDetails.swift in Sources */,
				0BBBF83628F0023D003EEE17 /* MovieDetailsViewModel.swift in Sources */,
				0BBBF83428F000C8003EEE17 /* MovieDetailsFactory.swift in Sources */,
				0BBBF7EC28EDCECA003EEE17 /* MovieListRequest.swift in Sources */,
				0BBBF7B128ED86F0003EEE17 /* MovieListView.swift in Sources */,
				0BBBF85A28F06E02003EEE17 /* MovieDetailsUseCaseInterfaces.swift in Sources */,
				0BBBF84A28F06CDA003EEE17 /* Person.swift in Sources */,
				0BBBF80828EEC538003EEE17 /* AlertControllerFactory.swift in Sources */,
				0BBBF84D28F06CDA003EEE17 /* Credit.swift in Sources */,
				0BBBF80528EEB6F2003EEE17 /* MovieListType.swift in Sources */,
				0BBBF7E328EDCCCA003EEE17 /* DecoderHelper.swift in Sources */,
				0BBBF84428F03F79003EEE17 /* FavouriteFactory.swift in Sources */,
				0BBBF83128EFFE9D003EEE17 /* CastCollectionViewCell.swift in Sources */,
				0BBBF81F28EFFC58003EEE17 /* ActivityIndicator.swift in Sources */,
				0BBBF7E628EDCCCA003EEE17 /* NetworkLoader.swift in Sources */,
				0BBBF82928EFFE71003EEE17 /* MovieDetailsViewController.swift in Sources */,
				0BBBF82F28EFFE9D003EEE17 /* CaseListView.swift in Sources */,
				0BBBF83928F00265003EEE17 /* DetailsViewModelInterface.swift in Sources */,
				0BBBF7C728ED895A003EEE17 /* HomeFactory.swift in Sources */,
				0BBBF85C28F07AD8003EEE17 /* CGFloat+Extensions.swift in Sources */,
				0BBBF7EA28EDCDDD003EEE17 /* MovieEndPoints.swift in Sources */,
				0BBBF7E428EDCCCA003EEE17 /* EncoderHelper.swift in Sources */,
				0BBBF7BE28ED871F003EEE17 /* UIView+Layout.swift in Sources */,
				0BBBF7C128ED8868003EEE17 /* UIViewController+Extensions.swift in Sources */,
				0BBBF7F828EDCF96003EEE17 /* MovieListWorkerInterface.swift in Sources */,
				0BBBF77028ED8531003EEE17 /* AppDelegate.swift in Sources */,
				0BBBF81B28EFE648003EEE17 /* EmptyView.swift in Sources */,
				0BBBF7E528EDCCCA003EEE17 /* NetworkError.swift in Sources */,
				0BBBF80A28EEC725003EEE17 /* ListViewProtocol.swift in Sources */,
				0BBBF84128F03F36003EEE17 /* FavouritesViewController.swift in Sources */,
				0BBBF7D228ED95F5003EEE17 /* MovieListViewModel.swift in Sources */,
				0BBBF84C28F06CDA003EEE17 /* MovieDetailsRequest.swift in Sources */,
				0BBBF77228ED8531003EEE17 /* SceneDelegate.swift in Sources */,
				0BBBF80028EEB12C003EEE17 /* DispatchHelpers.swift in Sources */,
				0BBBF7AC28ED867E003EEE17 /* HomeViewController.swift in Sources */,
				0BBBF7E728EDCCCA003EEE17 /* EndPoint.swift in Sources */,
				0BBBF85028F06D20003EEE17 /* MovieDetailsUseCase.swift in Sources */,
				0BBBF7BC28ED871F003EEE17 /* ColorCompatibility.swift in Sources */,
				0BBBF7C928ED898C003EEE17 /* AppConfiguration.swift in Sources */,
			);
			runOnlyForDeploymentPostprocessing = 0;
		};
		0BBBF77E28ED8532003EEE17 /* Sources */ = {
			isa = PBXSourcesBuildPhase;
			buildActionMask = 2147483647;
			files = (
				0BBBF7D428ED98D8003EEE17 /* MovieListViewTest.swift in Sources */,
				0BBBF7CB28ED8A60003EEE17 /* HomeViewControllerTests.swift in Sources */,
				0BBBF81028EEC9D5003EEE17 /* TestHelpers.swift in Sources */,
			);
			runOnlyForDeploymentPostprocessing = 0;
		};
		0BBBF78828ED8532003EEE17 /* Sources */ = {
			isa = PBXSourcesBuildPhase;
			buildActionMask = 2147483647;
			files = (
				0BBBF79128ED8532003EEE17 /* MovieDBUITests.swift in Sources */,
				0BBBF79328ED8532003EEE17 /* MovieDBUITestsLaunchTests.swift in Sources */,
			);
			runOnlyForDeploymentPostprocessing = 0;
		};
/* End PBXSourcesBuildPhase section */

/* Begin PBXTargetDependency section */
		0BBBF78428ED8532003EEE17 /* PBXTargetDependency */ = {
			isa = PBXTargetDependency;
			target = 0BBBF76B28ED8531003EEE17 /* MovieDB */;
			targetProxy = 0BBBF78328ED8532003EEE17 /* PBXContainerItemProxy */;
		};
		0BBBF78E28ED8532003EEE17 /* PBXTargetDependency */ = {
			isa = PBXTargetDependency;
			target = 0BBBF76B28ED8531003EEE17 /* MovieDB */;
			targetProxy = 0BBBF78D28ED8532003EEE17 /* PBXContainerItemProxy */;
		};
/* End PBXTargetDependency section */

/* Begin PBXVariantGroup section */
		0BBBF77A28ED8532003EEE17 /* LaunchScreen.storyboard */ = {
			isa = PBXVariantGroup;
			children = (
				0BBBF77B28ED8532003EEE17 /* Base */,
			);
			name = LaunchScreen.storyboard;
			sourceTree = "<group>";
		};
/* End PBXVariantGroup section */

/* Begin XCBuildConfiguration section */
		0BBBF79428ED8532003EEE17 /* Debug */ = {
			isa = XCBuildConfiguration;
			buildSettings = {
				ALWAYS_SEARCH_USER_PATHS = NO;
				CLANG_ANALYZER_NONNULL = YES;
				CLANG_ANALYZER_NUMBER_OBJECT_CONVERSION = YES_AGGRESSIVE;
				CLANG_CXX_LANGUAGE_STANDARD = "gnu++20";
				CLANG_ENABLE_MODULES = YES;
				CLANG_ENABLE_OBJC_ARC = YES;
				CLANG_ENABLE_OBJC_WEAK = YES;
				CLANG_WARN_BLOCK_CAPTURE_AUTORELEASING = YES;
				CLANG_WARN_BOOL_CONVERSION = YES;
				CLANG_WARN_COMMA = YES;
				CLANG_WARN_CONSTANT_CONVERSION = YES;
				CLANG_WARN_DEPRECATED_OBJC_IMPLEMENTATIONS = YES;
				CLANG_WARN_DIRECT_OBJC_ISA_USAGE = YES_ERROR;
				CLANG_WARN_DOCUMENTATION_COMMENTS = YES;
				CLANG_WARN_EMPTY_BODY = YES;
				CLANG_WARN_ENUM_CONVERSION = YES;
				CLANG_WARN_INFINITE_RECURSION = YES;
				CLANG_WARN_INT_CONVERSION = YES;
				CLANG_WARN_NON_LITERAL_NULL_CONVERSION = YES;
				CLANG_WARN_OBJC_IMPLICIT_RETAIN_SELF = YES;
				CLANG_WARN_OBJC_LITERAL_CONVERSION = YES;
				CLANG_WARN_OBJC_ROOT_CLASS = YES_ERROR;
				CLANG_WARN_QUOTED_INCLUDE_IN_FRAMEWORK_HEADER = YES;
				CLANG_WARN_RANGE_LOOP_ANALYSIS = YES;
				CLANG_WARN_STRICT_PROTOTYPES = YES;
				CLANG_WARN_SUSPICIOUS_MOVE = YES;
				CLANG_WARN_UNGUARDED_AVAILABILITY = YES_AGGRESSIVE;
				CLANG_WARN_UNREACHABLE_CODE = YES;
				CLANG_WARN__DUPLICATE_METHOD_MATCH = YES;
				COPY_PHASE_STRIP = NO;
				DEBUG_INFORMATION_FORMAT = dwarf;
				ENABLE_STRICT_OBJC_MSGSEND = YES;
				ENABLE_TESTABILITY = YES;
				GCC_C_LANGUAGE_STANDARD = gnu11;
				GCC_DYNAMIC_NO_PIC = NO;
				GCC_NO_COMMON_BLOCKS = YES;
				GCC_OPTIMIZATION_LEVEL = 0;
				GCC_PREPROCESSOR_DEFINITIONS = (
					"DEBUG=1",
					"$(inherited)",
				);
				GCC_WARN_64_TO_32_BIT_CONVERSION = YES;
				GCC_WARN_ABOUT_RETURN_TYPE = YES_ERROR;
				GCC_WARN_UNDECLARED_SELECTOR = YES;
				GCC_WARN_UNINITIALIZED_AUTOS = YES_AGGRESSIVE;
				GCC_WARN_UNUSED_FUNCTION = YES;
				GCC_WARN_UNUSED_VARIABLE = YES;
				IPHONEOS_DEPLOYMENT_TARGET = 16.0;
				MTL_ENABLE_DEBUG_INFO = INCLUDE_SOURCE;
				MTL_FAST_MATH = YES;
				ONLY_ACTIVE_ARCH = YES;
				SDKROOT = iphoneos;
				SWIFT_ACTIVE_COMPILATION_CONDITIONS = DEBUG;
				SWIFT_OPTIMIZATION_LEVEL = "-Onone";
			};
			name = Debug;
		};
		0BBBF79528ED8532003EEE17 /* Release */ = {
			isa = XCBuildConfiguration;
			buildSettings = {
				ALWAYS_SEARCH_USER_PATHS = NO;
				CLANG_ANALYZER_NONNULL = YES;
				CLANG_ANALYZER_NUMBER_OBJECT_CONVERSION = YES_AGGRESSIVE;
				CLANG_CXX_LANGUAGE_STANDARD = "gnu++20";
				CLANG_ENABLE_MODULES = YES;
				CLANG_ENABLE_OBJC_ARC = YES;
				CLANG_ENABLE_OBJC_WEAK = YES;
				CLANG_WARN_BLOCK_CAPTURE_AUTORELEASING = YES;
				CLANG_WARN_BOOL_CONVERSION = YES;
				CLANG_WARN_COMMA = YES;
				CLANG_WARN_CONSTANT_CONVERSION = YES;
				CLANG_WARN_DEPRECATED_OBJC_IMPLEMENTATIONS = YES;
				CLANG_WARN_DIRECT_OBJC_ISA_USAGE = YES_ERROR;
				CLANG_WARN_DOCUMENTATION_COMMENTS = YES;
				CLANG_WARN_EMPTY_BODY = YES;
				CLANG_WARN_ENUM_CONVERSION = YES;
				CLANG_WARN_INFINITE_RECURSION = YES;
				CLANG_WARN_INT_CONVERSION = YES;
				CLANG_WARN_NON_LITERAL_NULL_CONVERSION = YES;
				CLANG_WARN_OBJC_IMPLICIT_RETAIN_SELF = YES;
				CLANG_WARN_OBJC_LITERAL_CONVERSION = YES;
				CLANG_WARN_OBJC_ROOT_CLASS = YES_ERROR;
				CLANG_WARN_QUOTED_INCLUDE_IN_FRAMEWORK_HEADER = YES;
				CLANG_WARN_RANGE_LOOP_ANALYSIS = YES;
				CLANG_WARN_STRICT_PROTOTYPES = YES;
				CLANG_WARN_SUSPICIOUS_MOVE = YES;
				CLANG_WARN_UNGUARDED_AVAILABILITY = YES_AGGRESSIVE;
				CLANG_WARN_UNREACHABLE_CODE = YES;
				CLANG_WARN__DUPLICATE_METHOD_MATCH = YES;
				COPY_PHASE_STRIP = NO;
				DEBUG_INFORMATION_FORMAT = "dwarf-with-dsym";
				ENABLE_NS_ASSERTIONS = NO;
				ENABLE_STRICT_OBJC_MSGSEND = YES;
				GCC_C_LANGUAGE_STANDARD = gnu11;
				GCC_NO_COMMON_BLOCKS = YES;
				GCC_WARN_64_TO_32_BIT_CONVERSION = YES;
				GCC_WARN_ABOUT_RETURN_TYPE = YES_ERROR;
				GCC_WARN_UNDECLARED_SELECTOR = YES;
				GCC_WARN_UNINITIALIZED_AUTOS = YES_AGGRESSIVE;
				GCC_WARN_UNUSED_FUNCTION = YES;
				GCC_WARN_UNUSED_VARIABLE = YES;
				IPHONEOS_DEPLOYMENT_TARGET = 16.0;
				MTL_ENABLE_DEBUG_INFO = NO;
				MTL_FAST_MATH = YES;
				SDKROOT = iphoneos;
				SWIFT_COMPILATION_MODE = wholemodule;
				SWIFT_OPTIMIZATION_LEVEL = "-O";
				VALIDATE_PRODUCT = YES;
			};
			name = Release;
		};
		0BBBF79728ED8532003EEE17 /* Debug */ = {
			isa = XCBuildConfiguration;
			buildSettings = {
				ASSETCATALOG_COMPILER_APPICON_NAME = AppIcon;
				ASSETCATALOG_COMPILER_GLOBAL_ACCENT_COLOR_NAME = AccentColor;
				CODE_SIGN_STYLE = Automatic;
				CURRENT_PROJECT_VERSION = 1;
				DEVELOPMENT_TEAM = N9YVL7C33K;
				GENERATE_INFOPLIST_FILE = YES;
				INFOPLIST_FILE = MovieDB/Resources/Info.plist;
				INFOPLIST_KEY_UIApplicationSupportsIndirectInputEvents = YES;
				INFOPLIST_KEY_UILaunchStoryboardName = LaunchScreen;
				INFOPLIST_KEY_UISupportedInterfaceOrientations_iPad = "UIInterfaceOrientationPortrait UIInterfaceOrientationPortraitUpsideDown UIInterfaceOrientationLandscapeLeft UIInterfaceOrientationLandscapeRight";
				INFOPLIST_KEY_UISupportedInterfaceOrientations_iPhone = "UIInterfaceOrientationPortrait UIInterfaceOrientationLandscapeLeft UIInterfaceOrientationLandscapeRight";
				IPHONEOS_DEPLOYMENT_TARGET = 12.0;
				LD_RUNPATH_SEARCH_PATHS = (
					"$(inherited)",
					"@executable_path/Frameworks",
				);
				MARKETING_VERSION = 1.0;
				PRODUCT_BUNDLE_IDENTIFIER = com.ashish.MovieDB;
				PRODUCT_NAME = "$(TARGET_NAME)";
				SWIFT_EMIT_LOC_STRINGS = YES;
				SWIFT_VERSION = 5.0;
				TARGETED_DEVICE_FAMILY = "1,2";
			};
			name = Debug;
		};
		0BBBF79828ED8532003EEE17 /* Release */ = {
			isa = XCBuildConfiguration;
			buildSettings = {
				ASSETCATALOG_COMPILER_APPICON_NAME = AppIcon;
				ASSETCATALOG_COMPILER_GLOBAL_ACCENT_COLOR_NAME = AccentColor;
				CODE_SIGN_STYLE = Automatic;
				CURRENT_PROJECT_VERSION = 1;
				DEVELOPMENT_TEAM = N9YVL7C33K;
				GENERATE_INFOPLIST_FILE = YES;
				INFOPLIST_FILE = MovieDB/Resources/Info.plist;
				INFOPLIST_KEY_UIApplicationSupportsIndirectInputEvents = YES;
				INFOPLIST_KEY_UILaunchStoryboardName = LaunchScreen;
				INFOPLIST_KEY_UISupportedInterfaceOrientations_iPad = "UIInterfaceOrientationPortrait UIInterfaceOrientationPortraitUpsideDown UIInterfaceOrientationLandscapeLeft UIInterfaceOrientationLandscapeRight";
				INFOPLIST_KEY_UISupportedInterfaceOrientations_iPhone = "UIInterfaceOrientationPortrait UIInterfaceOrientationLandscapeLeft UIInterfaceOrientationLandscapeRight";
				IPHONEOS_DEPLOYMENT_TARGET = 12.0;
				LD_RUNPATH_SEARCH_PATHS = (
					"$(inherited)",
					"@executable_path/Frameworks",
				);
				MARKETING_VERSION = 1.0;
				PRODUCT_BUNDLE_IDENTIFIER = com.ashish.MovieDB;
				PRODUCT_NAME = "$(TARGET_NAME)";
				SWIFT_EMIT_LOC_STRINGS = YES;
				SWIFT_VERSION = 5.0;
				TARGETED_DEVICE_FAMILY = "1,2";
			};
			name = Release;
		};
		0BBBF79A28ED8532003EEE17 /* Debug */ = {
			isa = XCBuildConfiguration;
			buildSettings = {
				ALWAYS_EMBED_SWIFT_STANDARD_LIBRARIES = YES;
				BUNDLE_LOADER = "$(TEST_HOST)";
				CLANG_ENABLE_MODULES = YES;
				CODE_SIGN_STYLE = Automatic;
				CURRENT_PROJECT_VERSION = 1;
				DEVELOPMENT_TEAM = N9YVL7C33K;
				GENERATE_INFOPLIST_FILE = YES;
				IPHONEOS_DEPLOYMENT_TARGET = 16.0;
				LD_RUNPATH_SEARCH_PATHS = (
					"$(inherited)",
					"@executable_path/Frameworks",
					"@loader_path/Frameworks",
				);
				MARKETING_VERSION = 1.0;
				PRODUCT_BUNDLE_IDENTIFIER = com.ashish.MovieDBTests;
				PRODUCT_NAME = "$(TARGET_NAME)";
				SWIFT_EMIT_LOC_STRINGS = NO;
				SWIFT_OPTIMIZATION_LEVEL = "-Onone";
				SWIFT_VERSION = 5.0;
				TARGETED_DEVICE_FAMILY = "1,2";
				TEST_HOST = "$(BUILT_PRODUCTS_DIR)/MovieDB.app/$(BUNDLE_EXECUTABLE_FOLDER_PATH)/MovieDB";
			};
			name = Debug;
		};
		0BBBF79B28ED8532003EEE17 /* Release */ = {
			isa = XCBuildConfiguration;
			buildSettings = {
				ALWAYS_EMBED_SWIFT_STANDARD_LIBRARIES = YES;
				BUNDLE_LOADER = "$(TEST_HOST)";
				CLANG_ENABLE_MODULES = YES;
				CODE_SIGN_STYLE = Automatic;
				CURRENT_PROJECT_VERSION = 1;
				DEVELOPMENT_TEAM = N9YVL7C33K;
				GENERATE_INFOPLIST_FILE = YES;
				IPHONEOS_DEPLOYMENT_TARGET = 16.0;
				LD_RUNPATH_SEARCH_PATHS = (
					"$(inherited)",
					"@executable_path/Frameworks",
					"@loader_path/Frameworks",
				);
				MARKETING_VERSION = 1.0;
				PRODUCT_BUNDLE_IDENTIFIER = com.ashish.MovieDBTests;
				PRODUCT_NAME = "$(TARGET_NAME)";
				SWIFT_EMIT_LOC_STRINGS = NO;
				SWIFT_VERSION = 5.0;
				TARGETED_DEVICE_FAMILY = "1,2";
				TEST_HOST = "$(BUILT_PRODUCTS_DIR)/MovieDB.app/$(BUNDLE_EXECUTABLE_FOLDER_PATH)/MovieDB";
			};
			name = Release;
		};
		0BBBF79D28ED8532003EEE17 /* Debug */ = {
			isa = XCBuildConfiguration;
			buildSettings = {
				ALWAYS_EMBED_SWIFT_STANDARD_LIBRARIES = YES;
				CODE_SIGN_STYLE = Automatic;
				CURRENT_PROJECT_VERSION = 1;
				DEVELOPMENT_TEAM = N9YVL7C33K;
				GENERATE_INFOPLIST_FILE = YES;
				MARKETING_VERSION = 1.0;
				PRODUCT_BUNDLE_IDENTIFIER = com.ashish.MovieDBUITests;
				PRODUCT_NAME = "$(TARGET_NAME)";
				SWIFT_EMIT_LOC_STRINGS = NO;
				SWIFT_VERSION = 5.0;
				TARGETED_DEVICE_FAMILY = "1,2";
				TEST_TARGET_NAME = MovieDB;
			};
			name = Debug;
		};
		0BBBF79E28ED8532003EEE17 /* Release */ = {
			isa = XCBuildConfiguration;
			buildSettings = {
				ALWAYS_EMBED_SWIFT_STANDARD_LIBRARIES = YES;
				CODE_SIGN_STYLE = Automatic;
				CURRENT_PROJECT_VERSION = 1;
				DEVELOPMENT_TEAM = N9YVL7C33K;
				GENERATE_INFOPLIST_FILE = YES;
				MARKETING_VERSION = 1.0;
				PRODUCT_BUNDLE_IDENTIFIER = com.ashish.MovieDBUITests;
				PRODUCT_NAME = "$(TARGET_NAME)";
				SWIFT_EMIT_LOC_STRINGS = NO;
				SWIFT_VERSION = 5.0;
				TARGETED_DEVICE_FAMILY = "1,2";
				TEST_TARGET_NAME = MovieDB;
			};
			name = Release;
		};
/* End XCBuildConfiguration section */

/* Begin XCConfigurationList section */
		0BBBF76728ED8531003EEE17 /* Build configuration list for PBXProject "MovieDB" */ = {
			isa = XCConfigurationList;
			buildConfigurations = (
				0BBBF79428ED8532003EEE17 /* Debug */,
				0BBBF79528ED8532003EEE17 /* Release */,
			);
			defaultConfigurationIsVisible = 0;
			defaultConfigurationName = Release;
		};
		0BBBF79628ED8532003EEE17 /* Build configuration list for PBXNativeTarget "MovieDB" */ = {
			isa = XCConfigurationList;
			buildConfigurations = (
				0BBBF79728ED8532003EEE17 /* Debug */,
				0BBBF79828ED8532003EEE17 /* Release */,
			);
			defaultConfigurationIsVisible = 0;
			defaultConfigurationName = Release;
		};
		0BBBF79928ED8532003EEE17 /* Build configuration list for PBXNativeTarget "MovieDBTests" */ = {
			isa = XCConfigurationList;
			buildConfigurations = (
				0BBBF79A28ED8532003EEE17 /* Debug */,
				0BBBF79B28ED8532003EEE17 /* Release */,
			);
			defaultConfigurationIsVisible = 0;
			defaultConfigurationName = Release;
		};
		0BBBF79C28ED8532003EEE17 /* Build configuration list for PBXNativeTarget "MovieDBUITests" */ = {
			isa = XCConfigurationList;
			buildConfigurations = (
				0BBBF79D28ED8532003EEE17 /* Debug */,
				0BBBF79E28ED8532003EEE17 /* Release */,
			);
			defaultConfigurationIsVisible = 0;
			defaultConfigurationName = Release;
		};
/* End XCConfigurationList section */

/* Begin XCRemoteSwiftPackageReference section */
		0BBBF81128EF2AC8003EEE17 /* XCRemoteSwiftPackageReference "SDWebImage" */ = {
			isa = XCRemoteSwiftPackageReference;
			repositoryURL = "https://github.com/SDWebImage/SDWebImage";
			requirement = {
				branch = master;
				kind = branch;
			};
		};
/* End XCRemoteSwiftPackageReference section */

/* Begin XCSwiftPackageProductDependency section */
		0BBBF81228EF2AC8003EEE17 /* SDWebImage */ = {
			isa = XCSwiftPackageProductDependency;
			package = 0BBBF81128EF2AC8003EEE17 /* XCRemoteSwiftPackageReference "SDWebImage" */;
			productName = SDWebImage;
		};
		0BBBF81728EFC410003EEE17 /* SDWebImage */ = {
			isa = XCSwiftPackageProductDependency;
			package = 0BBBF81128EF2AC8003EEE17 /* XCRemoteSwiftPackageReference "SDWebImage" */;
			productName = SDWebImage;
		};
/* End XCSwiftPackageProductDependency section */
	};
	rootObject = 0BBBF76428ED8531003EEE17 /* Project object */;
}
